// !$*UTF8*$!
{
	archiveVersion = 1;
	classes = {
	};
	objectVersion = 46;
	objects = {

/* Begin PBXBuildFile section */
		380F3EB9162C24BB00B8109B /* RemoteIOPlayer.h in Headers */ = {isa = PBXBuildFile; fileRef = 380F3EB5162C24BB00B8109B /* RemoteIOPlayer.h */; };
		380F3EBA162C24BB00B8109B /* RemoteIOPlayer.m in Sources */ = {isa = PBXBuildFile; fileRef = 380F3EB6162C24BB00B8109B /* RemoteIOPlayer.m */; };
		380F3EBB162C24BB00B8109B /* PCMPlayer.h in Headers */ = {isa = PBXBuildFile; fileRef = 380F3EB7162C24BB00B8109B /* PCMPlayer.h */; };
		380F3EBC162C24BB00B8109B /* PCMPlayer.m in Sources */ = {isa = PBXBuildFile; fileRef = 380F3EB8162C24BB00B8109B /* PCMPlayer.m */; };
		380F3EC0162C262000B8109B /* InMemoryAudioFile.h in Headers */ = {isa = PBXBuildFile; fileRef = 380F3EBE162C262000B8109B /* InMemoryAudioFile.h */; };
		380F3EC1162C262000B8109B /* InMemoryAudioFile.m in Sources */ = {isa = PBXBuildFile; fileRef = 380F3EBF162C262000B8109B /* InMemoryAudioFile.m */; };
		380F3EC4162C264E00B8109B /* AudioRecorder.h in Headers */ = {isa = PBXBuildFile; fileRef = 380F3EC2162C264E00B8109B /* AudioRecorder.h */; };
		380F3EC5162C264E00B8109B /* AudioRecorder.m in Sources */ = {isa = PBXBuildFile; fileRef = 380F3EC3162C264E00B8109B /* AudioRecorder.m */; };
		382B83F61628140700AC2005 /* Foundation.framework in Frameworks */ = {isa = PBXBuildFile; fileRef = 382B83F51628140700AC2005 /* Foundation.framework */; };
		382B84221628143600AC2005 /* AudioToolbox.framework in Frameworks */ = {isa = PBXBuildFile; fileRef = 382B84201628143600AC2005 /* AudioToolbox.framework */; };
		382B84231628143600AC2005 /* AudioUnit.framework in Frameworks */ = {isa = PBXBuildFile; fileRef = 382B84211628143600AC2005 /* AudioUnit.framework */; };
		382B84251628143C00AC2005 /* QuartzCore.framework in Frameworks */ = {isa = PBXBuildFile; fileRef = 382B84241628143C00AC2005 /* QuartzCore.framework */; };
		382B84271628144400AC2005 /* OpenGLES.framework in Frameworks */ = {isa = PBXBuildFile; fileRef = 382B84261628144400AC2005 /* OpenGLES.framework */; };
		382B84291628145500AC2005 /* UIKit.framework in Frameworks */ = {isa = PBXBuildFile; fileRef = 382B84281628145500AC2005 /* UIKit.framework */; };
		382B842B1628146400AC2005 /* CoreGraphics.framework in Frameworks */ = {isa = PBXBuildFile; fileRef = 382B842A1628146400AC2005 /* CoreGraphics.framework */; };
		38E1944516310521007FB105 /* decoder_audio.cpp in Sources */ = {isa = PBXBuildFile; fileRef = 38E1943916310521007FB105 /* decoder_audio.cpp */; };
		38E1944616310521007FB105 /* decoder_audio.h in Headers */ = {isa = PBXBuildFile; fileRef = 38E1943A16310521007FB105 /* decoder_audio.h */; };
		38E1944716310521007FB105 /* decoder_video.cpp in Sources */ = {isa = PBXBuildFile; fileRef = 38E1943B16310521007FB105 /* decoder_video.cpp */; };
		38E1944816310521007FB105 /* decoder_video.h in Headers */ = {isa = PBXBuildFile; fileRef = 38E1943C16310521007FB105 /* decoder_video.h */; };
		38E1944916310521007FB105 /* decoder.cpp in Sources */ = {isa = PBXBuildFile; fileRef = 38E1943D16310521007FB105 /* decoder.cpp */; };
		38E1944A16310521007FB105 /* decoder.h in Headers */ = {isa = PBXBuildFile; fileRef = 38E1943E16310521007FB105 /* decoder.h */; };
		38E1944B16310521007FB105 /* mediaplayer.h in Headers */ = {isa = PBXBuildFile; fileRef = 38E1943F16310521007FB105 /* mediaplayer.h */; };
		38E1944C16310521007FB105 /* mediaplayer.mm in Sources */ = {isa = PBXBuildFile; fileRef = 38E1944016310521007FB105 /* mediaplayer.mm */; };
		38E1944D16310521007FB105 /* output.h in Headers */ = {isa = PBXBuildFile; fileRef = 38E1944116310521007FB105 /* output.h */; };
		38E1944E16310521007FB105 /* output.mm in Sources */ = {isa = PBXBuildFile; fileRef = 38E1944216310521007FB105 /* output.mm */; };
		38E1944F16310521007FB105 /* packetqueue.cpp in Sources */ = {isa = PBXBuildFile; fileRef = 38E1944316310521007FB105 /* packetqueue.cpp */; };
		38E1945016310521007FB105 /* packetqueue.h in Headers */ = {isa = PBXBuildFile; fileRef = 38E1944416310521007FB105 /* packetqueue.h */; };
		38E194541631054C007FB105 /* thread.cpp in Sources */ = {isa = PBXBuildFile; fileRef = 38E194521631054C007FB105 /* thread.cpp */; };
		38E194551631054C007FB105 /* thread.h in Headers */ = {isa = PBXBuildFile; fileRef = 38E194531631054C007FB105 /* thread.h */; };
		38E1945716310569007FB105 /* Errors.h in Headers */ = {isa = PBXBuildFile; fileRef = 38E1945616310569007FB105 /* Errors.h */; };
		38E194A816310A3C007FB105 /* libavcodec.a in Frameworks */ = {isa = PBXBuildFile; fileRef = 38E1945A16310A3C007FB105 /* libavcodec.a */; };
		38E194A916310A3C007FB105 /* libavdevice.a in Frameworks */ = {isa = PBXBuildFile; fileRef = 38E1945B16310A3C007FB105 /* libavdevice.a */; };
		38E194AA16310A3C007FB105 /* libavfilter.a in Frameworks */ = {isa = PBXBuildFile; fileRef = 38E1945C16310A3C007FB105 /* libavfilter.a */; };
		38E194AB16310A3C007FB105 /* libavformat.a in Frameworks */ = {isa = PBXBuildFile; fileRef = 38E1945D16310A3C007FB105 /* libavformat.a */; };
		38E194AC16310A3C007FB105 /* libavutil.a in Frameworks */ = {isa = PBXBuildFile; fileRef = 38E1945E16310A3C007FB105 /* libavutil.a */; };
		38E194AD16310A3C007FB105 /* libpostproc.a in Frameworks */ = {isa = PBXBuildFile; fileRef = 38E1945F16310A3C007FB105 /* libpostproc.a */; };
		38E194AE16310A3C007FB105 /* libswresample.a in Frameworks */ = {isa = PBXBuildFile; fileRef = 38E1946016310A3C007FB105 /* libswresample.a */; };
		38E194AF16310A3C007FB105 /* libswscale.a in Frameworks */ = {isa = PBXBuildFile; fileRef = 38E1946116310A3C007FB105 /* libswscale.a */; };
		38E194B016310A3C007FB105 /* libx264.a in Frameworks */ = {isa = PBXBuildFile; fileRef = 38E1946216310A3C007FB105 /* libx264.a */; };
		38E194B116310A3C007FB105 /* avcodec.h in Headers */ = {isa = PBXBuildFile; fileRef = 38E1946516310A3C007FB105 /* avcodec.h */; };
		38E194B216310A3C007FB105 /* avfft.h in Headers */ = {isa = PBXBuildFile; fileRef = 38E1946616310A3C007FB105 /* avfft.h */; };
		38E194B316310A3C007FB105 /* dxva2.h in Headers */ = {isa = PBXBuildFile; fileRef = 38E1946716310A3C007FB105 /* dxva2.h */; };
		38E194B416310A3C007FB105 /* opt.h in Headers */ = {isa = PBXBuildFile; fileRef = 38E1946816310A3C007FB105 /* opt.h */; };
		38E194B516310A3C007FB105 /* vaapi.h in Headers */ = {isa = PBXBuildFile; fileRef = 38E1946916310A3C007FB105 /* vaapi.h */; };
		38E194B616310A3C007FB105 /* vda.h in Headers */ = {isa = PBXBuildFile; fileRef = 38E1946A16310A3C007FB105 /* vda.h */; };
		38E194B716310A3C007FB105 /* vdpau.h in Headers */ = {isa = PBXBuildFile; fileRef = 38E1946B16310A3C007FB105 /* vdpau.h */; };
		38E194B816310A3C007FB105 /* version.h in Headers */ = {isa = PBXBuildFile; fileRef = 38E1946C16310A3C007FB105 /* version.h */; };
		38E194B916310A3C007FB105 /* xvmc.h in Headers */ = {isa = PBXBuildFile; fileRef = 38E1946D16310A3C007FB105 /* xvmc.h */; };
		38E194BA16310A3C007FB105 /* avdevice.h in Headers */ = {isa = PBXBuildFile; fileRef = 38E1946F16310A3C007FB105 /* avdevice.h */; };
		38E194BB16310A3C007FB105 /* avcodec.h in Headers */ = {isa = PBXBuildFile; fileRef = 38E1947116310A3C007FB105 /* avcodec.h */; };
		38E194BC16310A3C007FB105 /* avfilter.h in Headers */ = {isa = PBXBuildFile; fileRef = 38E1947216310A3C007FB105 /* avfilter.h */; };
		38E194BD16310A3C007FB105 /* avfiltergraph.h in Headers */ = {isa = PBXBuildFile; fileRef = 38E1947316310A3C007FB105 /* avfiltergraph.h */; };
		38E194BE16310A3C007FB105 /* buffersink.h in Headers */ = {isa = PBXBuildFile; fileRef = 38E1947416310A3C007FB105 /* buffersink.h */; };
		38E194BF16310A3C007FB105 /* version.h in Headers */ = {isa = PBXBuildFile; fileRef = 38E1947516310A3C007FB105 /* version.h */; };
		38E194C016310A3C007FB105 /* vsrc_buffer.h in Headers */ = {isa = PBXBuildFile; fileRef = 38E1947616310A3C007FB105 /* vsrc_buffer.h */; };
		38E194C116310A3C007FB105 /* avformat.h in Headers */ = {isa = PBXBuildFile; fileRef = 38E1947816310A3C007FB105 /* avformat.h */; };
		38E194C216310A3C007FB105 /* avio.h in Headers */ = {isa = PBXBuildFile; fileRef = 38E1947916310A3C007FB105 /* avio.h */; };
		38E194C316310A3C007FB105 /* version.h in Headers */ = {isa = PBXBuildFile; fileRef = 38E1947A16310A3C007FB105 /* version.h */; };
		38E194C416310A3C007FB105 /* adler32.h in Headers */ = {isa = PBXBuildFile; fileRef = 38E1947C16310A3C007FB105 /* adler32.h */; };
		38E194C516310A3C007FB105 /* aes.h in Headers */ = {isa = PBXBuildFile; fileRef = 38E1947D16310A3C007FB105 /* aes.h */; };
		38E194C616310A3C007FB105 /* attributes.h in Headers */ = {isa = PBXBuildFile; fileRef = 38E1947E16310A3C007FB105 /* attributes.h */; };
		38E194C716310A3C007FB105 /* audioconvert.h in Headers */ = {isa = PBXBuildFile; fileRef = 38E1947F16310A3C007FB105 /* audioconvert.h */; };
		38E194C816310A3C007FB105 /* avassert.h in Headers */ = {isa = PBXBuildFile; fileRef = 38E1948016310A3C007FB105 /* avassert.h */; };
		38E194C916310A3C007FB105 /* avconfig.h in Headers */ = {isa = PBXBuildFile; fileRef = 38E1948116310A3C007FB105 /* avconfig.h */; };
		38E194CA16310A3C007FB105 /* avstring.h in Headers */ = {isa = PBXBuildFile; fileRef = 38E1948216310A3C007FB105 /* avstring.h */; };
		38E194CB16310A3C007FB105 /* avutil.h in Headers */ = {isa = PBXBuildFile; fileRef = 38E1948316310A3C007FB105 /* avutil.h */; };
		38E194CC16310A3C007FB105 /* base64.h in Headers */ = {isa = PBXBuildFile; fileRef = 38E1948416310A3C007FB105 /* base64.h */; };
		38E194CD16310A3C007FB105 /* bswap.h in Headers */ = {isa = PBXBuildFile; fileRef = 38E1948516310A3C007FB105 /* bswap.h */; };
		38E194CE16310A3C007FB105 /* common.h in Headers */ = {isa = PBXBuildFile; fileRef = 38E1948616310A3C007FB105 /* common.h */; };
		38E194CF16310A3C007FB105 /* cpu.h in Headers */ = {isa = PBXBuildFile; fileRef = 38E1948716310A3C007FB105 /* cpu.h */; };
		38E194D016310A3C007FB105 /* crc.h in Headers */ = {isa = PBXBuildFile; fileRef = 38E1948816310A3C007FB105 /* crc.h */; };
		38E194D116310A3C007FB105 /* dict.h in Headers */ = {isa = PBXBuildFile; fileRef = 38E1948916310A3C007FB105 /* dict.h */; };
		38E194D216310A3C007FB105 /* error.h in Headers */ = {isa = PBXBuildFile; fileRef = 38E1948A16310A3C007FB105 /* error.h */; };
		38E194D316310A3C007FB105 /* eval.h in Headers */ = {isa = PBXBuildFile; fileRef = 38E1948B16310A3C007FB105 /* eval.h */; };
		38E194D416310A3C007FB105 /* fifo.h in Headers */ = {isa = PBXBuildFile; fileRef = 38E1948C16310A3C007FB105 /* fifo.h */; };
		38E194D516310A3C007FB105 /* file.h in Headers */ = {isa = PBXBuildFile; fileRef = 38E1948D16310A3C007FB105 /* file.h */; };
		38E194D616310A3C007FB105 /* imgutils.h in Headers */ = {isa = PBXBuildFile; fileRef = 38E1948E16310A3C007FB105 /* imgutils.h */; };
		38E194D716310A3C007FB105 /* intfloat.h in Headers */ = {isa = PBXBuildFile; fileRef = 38E1948F16310A3C007FB105 /* intfloat.h */; };
		38E194D816310A3C007FB105 /* intfloat_readwrite.h in Headers */ = {isa = PBXBuildFile; fileRef = 38E1949016310A3C007FB105 /* intfloat_readwrite.h */; };
		38E194D916310A3C007FB105 /* intreadwrite.h in Headers */ = {isa = PBXBuildFile; fileRef = 38E1949116310A3C007FB105 /* intreadwrite.h */; };
		38E194DA16310A3C007FB105 /* lfg.h in Headers */ = {isa = PBXBuildFile; fileRef = 38E1949216310A3C007FB105 /* lfg.h */; };
		38E194DB16310A3C007FB105 /* log.h in Headers */ = {isa = PBXBuildFile; fileRef = 38E1949316310A3C007FB105 /* log.h */; };
		38E194DC16310A3C007FB105 /* lzo.h in Headers */ = {isa = PBXBuildFile; fileRef = 38E1949416310A3C007FB105 /* lzo.h */; };
		38E194DD16310A3C007FB105 /* mathematics.h in Headers */ = {isa = PBXBuildFile; fileRef = 38E1949516310A3C007FB105 /* mathematics.h */; };
		38E194DE16310A3C007FB105 /* md5.h in Headers */ = {isa = PBXBuildFile; fileRef = 38E1949616310A3C007FB105 /* md5.h */; };
		38E194DF16310A3C007FB105 /* mem.h in Headers */ = {isa = PBXBuildFile; fileRef = 38E1949716310A3C007FB105 /* mem.h */; };
		38E194E016310A3C007FB105 /* opt.h in Headers */ = {isa = PBXBuildFile; fileRef = 38E1949816310A3C007FB105 /* opt.h */; };
		38E194E116310A3C007FB105 /* parseutils.h in Headers */ = {isa = PBXBuildFile; fileRef = 38E1949916310A3C007FB105 /* parseutils.h */; };
		38E194E216310A3C007FB105 /* pixdesc.h in Headers */ = {isa = PBXBuildFile; fileRef = 38E1949A16310A3C007FB105 /* pixdesc.h */; };
		38E194E316310A3C007FB105 /* pixfmt.h in Headers */ = {isa = PBXBuildFile; fileRef = 38E1949B16310A3C007FB105 /* pixfmt.h */; };
		38E194E416310A3C007FB105 /* random_seed.h in Headers */ = {isa = PBXBuildFile; fileRef = 38E1949C16310A3C007FB105 /* random_seed.h */; };
		38E194E516310A3C007FB105 /* rational.h in Headers */ = {isa = PBXBuildFile; fileRef = 38E1949D16310A3C007FB105 /* rational.h */; };
		38E194E616310A3C007FB105 /* samplefmt.h in Headers */ = {isa = PBXBuildFile; fileRef = 38E1949E16310A3C007FB105 /* samplefmt.h */; };
		38E194E716310A3C007FB105 /* sha.h in Headers */ = {isa = PBXBuildFile; fileRef = 38E1949F16310A3C007FB105 /* sha.h */; };
		38E194E816310A3C007FB105 /* postprocess.h in Headers */ = {isa = PBXBuildFile; fileRef = 38E194A116310A3C007FB105 /* postprocess.h */; };
		38E194E916310A3C007FB105 /* swresample.h in Headers */ = {isa = PBXBuildFile; fileRef = 38E194A316310A3C007FB105 /* swresample.h */; };
		38E194EA16310A3C007FB105 /* swscale.h in Headers */ = {isa = PBXBuildFile; fileRef = 38E194A516310A3C007FB105 /* swscale.h */; };
		38E194EB16310A3C007FB105 /* x264.h in Headers */ = {isa = PBXBuildFile; fileRef = 38E194A616310A3C007FB105 /* x264.h */; };
		38E194EC16310A3C007FB105 /* x264_config.h in Headers */ = {isa = PBXBuildFile; fileRef = 38E194A716310A3C007FB105 /* x264_config.h */; };
/* End PBXBuildFile section */

/* Begin PBXFileReference section */
		380F3EB5162C24BB00B8109B /* RemoteIOPlayer.h */ = {isa = PBXFileReference; fileEncoding = 4; lastKnownFileType = sourcecode.c.h; path = RemoteIOPlayer.h; sourceTree = "<group>"; };
		380F3EB6162C24BB00B8109B /* RemoteIOPlayer.m */ = {isa = PBXFileReference; fileEncoding = 4; lastKnownFileType = sourcecode.c.objc; path = RemoteIOPlayer.m; sourceTree = "<group>"; };
		380F3EB7162C24BB00B8109B /* PCMPlayer.h */ = {isa = PBXFileReference; fileEncoding = 4; lastKnownFileType = sourcecode.c.h; path = PCMPlayer.h; sourceTree = "<group>"; };
		380F3EB8162C24BB00B8109B /* PCMPlayer.m */ = {isa = PBXFileReference; fileEncoding = 4; lastKnownFileType = sourcecode.c.objc; path = PCMPlayer.m; sourceTree = "<group>"; };
		380F3EBE162C262000B8109B /* InMemoryAudioFile.h */ = {isa = PBXFileReference; fileEncoding = 4; lastKnownFileType = sourcecode.c.h; path = InMemoryAudioFile.h; sourceTree = "<group>"; };
		380F3EBF162C262000B8109B /* InMemoryAudioFile.m */ = {isa = PBXFileReference; fileEncoding = 4; lastKnownFileType = sourcecode.c.objc; path = InMemoryAudioFile.m; sourceTree = "<group>"; };
		380F3EC2162C264E00B8109B /* AudioRecorder.h */ = {isa = PBXFileReference; fileEncoding = 4; lastKnownFileType = sourcecode.c.h; path = AudioRecorder.h; sourceTree = "<group>"; };
		380F3EC3162C264E00B8109B /* AudioRecorder.m */ = {isa = PBXFileReference; fileEncoding = 4; lastKnownFileType = sourcecode.c.objc; path = AudioRecorder.m; sourceTree = "<group>"; };
		382B83F21628140700AC2005 /* libH264MediaPlayer.a */ = {isa = PBXFileReference; explicitFileType = archive.ar; includeInIndex = 0; path = libH264MediaPlayer.a; sourceTree = BUILT_PRODUCTS_DIR; };
		382B83F51628140700AC2005 /* Foundation.framework */ = {isa = PBXFileReference; lastKnownFileType = wrapper.framework; name = Foundation.framework; path = System/Library/Frameworks/Foundation.framework; sourceTree = SDKROOT; };
		382B83F91628140700AC2005 /* H264MediaPlayer-Prefix.pch */ = {isa = PBXFileReference; lastKnownFileType = sourcecode.c.h; path = "H264MediaPlayer-Prefix.pch"; sourceTree = "<group>"; };
		382B84201628143600AC2005 /* AudioToolbox.framework */ = {isa = PBXFileReference; lastKnownFileType = wrapper.framework; name = AudioToolbox.framework; path = System/Library/Frameworks/AudioToolbox.framework; sourceTree = SDKROOT; };
		382B84211628143600AC2005 /* AudioUnit.framework */ = {isa = PBXFileReference; lastKnownFileType = wrapper.framework; name = AudioUnit.framework; path = System/Library/Frameworks/AudioUnit.framework; sourceTree = SDKROOT; };
		382B84241628143C00AC2005 /* QuartzCore.framework */ = {isa = PBXFileReference; lastKnownFileType = wrapper.framework; name = QuartzCore.framework; path = System/Library/Frameworks/QuartzCore.framework; sourceTree = SDKROOT; };
		382B84261628144400AC2005 /* OpenGLES.framework */ = {isa = PBXFileReference; lastKnownFileType = wrapper.framework; name = OpenGLES.framework; path = System/Library/Frameworks/OpenGLES.framework; sourceTree = SDKROOT; };
		382B84281628145500AC2005 /* UIKit.framework */ = {isa = PBXFileReference; lastKnownFileType = wrapper.framework; name = UIKit.framework; path = System/Library/Frameworks/UIKit.framework; sourceTree = SDKROOT; };
		382B842A1628146400AC2005 /* CoreGraphics.framework */ = {isa = PBXFileReference; lastKnownFileType = wrapper.framework; name = CoreGraphics.framework; path = System/Library/Frameworks/CoreGraphics.framework; sourceTree = SDKROOT; };
		38E1943916310521007FB105 /* decoder_audio.cpp */ = {isa = PBXFileReference; fileEncoding = 4; lastKnownFileType = sourcecode.cpp.cpp; path = decoder_audio.cpp; sourceTree = "<group>"; };
		38E1943A16310521007FB105 /* decoder_audio.h */ = {isa = PBXFileReference; fileEncoding = 4; lastKnownFileType = sourcecode.c.h; path = decoder_audio.h; sourceTree = "<group>"; };
		38E1943B16310521007FB105 /* decoder_video.cpp */ = {isa = PBXFileReference; fileEncoding = 4; lastKnownFileType = sourcecode.cpp.cpp; path = decoder_video.cpp; sourceTree = "<group>"; };
		38E1943C16310521007FB105 /* decoder_video.h */ = {isa = PBXFileReference; fileEncoding = 4; lastKnownFileType = sourcecode.c.h; path = decoder_video.h; sourceTree = "<group>"; };
		38E1943D16310521007FB105 /* decoder.cpp */ = {isa = PBXFileReference; fileEncoding = 4; lastKnownFileType = sourcecode.cpp.cpp; path = decoder.cpp; sourceTree = "<group>"; };
		38E1943E16310521007FB105 /* decoder.h */ = {isa = PBXFileReference; fileEncoding = 4; lastKnownFileType = sourcecode.c.h; path = decoder.h; sourceTree = "<group>"; };
		38E1943F16310521007FB105 /* mediaplayer.h */ = {isa = PBXFileReference; fileEncoding = 4; lastKnownFileType = sourcecode.c.h; path = mediaplayer.h; sourceTree = "<group>"; };
		38E1944016310521007FB105 /* mediaplayer.mm */ = {isa = PBXFileReference; fileEncoding = 4; lastKnownFileType = sourcecode.cpp.objcpp; path = mediaplayer.mm; sourceTree = "<group>"; };
		38E1944116310521007FB105 /* output.h */ = {isa = PBXFileReference; fileEncoding = 4; lastKnownFileType = sourcecode.c.h; path = output.h; sourceTree = "<group>"; };
		38E1944216310521007FB105 /* output.mm */ = {isa = PBXFileReference; fileEncoding = 4; lastKnownFileType = sourcecode.cpp.objcpp; path = output.mm; sourceTree = "<group>"; };
		38E1944316310521007FB105 /* packetqueue.cpp */ = {isa = PBXFileReference; fileEncoding = 4; lastKnownFileType = sourcecode.cpp.cpp; path = packetqueue.cpp; sourceTree = "<group>"; };
		38E1944416310521007FB105 /* packetqueue.h */ = {isa = PBXFileReference; fileEncoding = 4; lastKnownFileType = sourcecode.c.h; path = packetqueue.h; sourceTree = "<group>"; };
		38E194521631054C007FB105 /* thread.cpp */ = {isa = PBXFileReference; fileEncoding = 4; lastKnownFileType = sourcecode.cpp.cpp; path = thread.cpp; sourceTree = "<group>"; };
		38E194531631054C007FB105 /* thread.h */ = {isa = PBXFileReference; fileEncoding = 4; lastKnownFileType = sourcecode.c.h; path = thread.h; sourceTree = "<group>"; };
		38E1945616310569007FB105 /* Errors.h */ = {isa = PBXFileReference; fileEncoding = 4; lastKnownFileType = sourcecode.c.h; path = Errors.h; sourceTree = "<group>"; };
		38E1945A16310A3C007FB105 /* libavcodec.a */ = {isa = PBXFileReference; lastKnownFileType = archive.ar; path = libavcodec.a; sourceTree = "<group>"; };
		38E1945B16310A3C007FB105 /* libavdevice.a */ = {isa = PBXFileReference; lastKnownFileType = archive.ar; path = libavdevice.a; sourceTree = "<group>"; };
		38E1945C16310A3C007FB105 /* libavfilter.a */ = {isa = PBXFileReference; lastKnownFileType = archive.ar; path = libavfilter.a; sourceTree = "<group>"; };
		38E1945D16310A3C007FB105 /* libavformat.a */ = {isa = PBXFileReference; lastKnownFileType = archive.ar; path = libavformat.a; sourceTree = "<group>"; };
		38E1945E16310A3C007FB105 /* libavutil.a */ = {isa = PBXFileReference; lastKnownFileType = archive.ar; path = libavutil.a; sourceTree = "<group>"; };
		38E1945F16310A3C007FB105 /* libpostproc.a */ = {isa = PBXFileReference; lastKnownFileType = archive.ar; path = libpostproc.a; sourceTree = "<group>"; };
		38E1946016310A3C007FB105 /* libswresample.a */ = {isa = PBXFileReference; lastKnownFileType = archive.ar; path = libswresample.a; sourceTree = "<group>"; };
		38E1946116310A3C007FB105 /* libswscale.a */ = {isa = PBXFileReference; lastKnownFileType = archive.ar; path = libswscale.a; sourceTree = "<group>"; };
		38E1946216310A3C007FB105 /* libx264.a */ = {isa = PBXFileReference; lastKnownFileType = archive.ar; path = libx264.a; sourceTree = "<group>"; };
		38E1946516310A3C007FB105 /* avcodec.h */ = {isa = PBXFileReference; fileEncoding = 4; lastKnownFileType = sourcecode.c.h; path = avcodec.h; sourceTree = "<group>"; };
		38E1946616310A3C007FB105 /* avfft.h */ = {isa = PBXFileReference; fileEncoding = 4; lastKnownFileType = sourcecode.c.h; path = avfft.h; sourceTree = "<group>"; };
		38E1946716310A3C007FB105 /* dxva2.h */ = {isa = PBXFileReference; fileEncoding = 4; lastKnownFileType = sourcecode.c.h; path = dxva2.h; sourceTree = "<group>"; };
		38E1946816310A3C007FB105 /* opt.h */ = {isa = PBXFileReference; fileEncoding = 4; lastKnownFileType = sourcecode.c.h; path = opt.h; sourceTree = "<group>"; };
		38E1946916310A3C007FB105 /* vaapi.h */ = {isa = PBXFileReference; fileEncoding = 4; lastKnownFileType = sourcecode.c.h; path = vaapi.h; sourceTree = "<group>"; };
		38E1946A16310A3C007FB105 /* vda.h */ = {isa = PBXFileReference; fileEncoding = 4; lastKnownFileType = sourcecode.c.h; path = vda.h; sourceTree = "<group>"; };
		38E1946B16310A3C007FB105 /* vdpau.h */ = {isa = PBXFileReference; fileEncoding = 4; lastKnownFileType = sourcecode.c.h; path = vdpau.h; sourceTree = "<group>"; };
		38E1946C16310A3C007FB105 /* version.h */ = {isa = PBXFileReference; fileEncoding = 4; lastKnownFileType = sourcecode.c.h; path = version.h; sourceTree = "<group>"; };
		38E1946D16310A3C007FB105 /* xvmc.h */ = {isa = PBXFileReference; fileEncoding = 4; lastKnownFileType = sourcecode.c.h; path = xvmc.h; sourceTree = "<group>"; };
		38E1946F16310A3C007FB105 /* avdevice.h */ = {isa = PBXFileReference; fileEncoding = 4; lastKnownFileType = sourcecode.c.h; path = avdevice.h; sourceTree = "<group>"; };
		38E1947116310A3C007FB105 /* avcodec.h */ = {isa = PBXFileReference; fileEncoding = 4; lastKnownFileType = sourcecode.c.h; path = avcodec.h; sourceTree = "<group>"; };
		38E1947216310A3C007FB105 /* avfilter.h */ = {isa = PBXFileReference; fileEncoding = 4; lastKnownFileType = sourcecode.c.h; path = avfilter.h; sourceTree = "<group>"; };
		38E1947316310A3C007FB105 /* avfiltergraph.h */ = {isa = PBXFileReference; fileEncoding = 4; lastKnownFileType = sourcecode.c.h; path = avfiltergraph.h; sourceTree = "<group>"; };
		38E1947416310A3C007FB105 /* buffersink.h */ = {isa = PBXFileReference; fileEncoding = 4; lastKnownFileType = sourcecode.c.h; path = buffersink.h; sourceTree = "<group>"; };
		38E1947516310A3C007FB105 /* version.h */ = {isa = PBXFileReference; fileEncoding = 4; lastKnownFileType = sourcecode.c.h; path = version.h; sourceTree = "<group>"; };
		38E1947616310A3C007FB105 /* vsrc_buffer.h */ = {isa = PBXFileReference; fileEncoding = 4; lastKnownFileType = sourcecode.c.h; path = vsrc_buffer.h; sourceTree = "<group>"; };
		38E1947816310A3C007FB105 /* avformat.h */ = {isa = PBXFileReference; fileEncoding = 4; lastKnownFileType = sourcecode.c.h; path = avformat.h; sourceTree = "<group>"; };
		38E1947916310A3C007FB105 /* avio.h */ = {isa = PBXFileReference; fileEncoding = 4; lastKnownFileType = sourcecode.c.h; path = avio.h; sourceTree = "<group>"; };
		38E1947A16310A3C007FB105 /* version.h */ = {isa = PBXFileReference; fileEncoding = 4; lastKnownFileType = sourcecode.c.h; path = version.h; sourceTree = "<group>"; };
		38E1947C16310A3C007FB105 /* adler32.h */ = {isa = PBXFileReference; fileEncoding = 4; lastKnownFileType = sourcecode.c.h; path = adler32.h; sourceTree = "<group>"; };
		38E1947D16310A3C007FB105 /* aes.h */ = {isa = PBXFileReference; fileEncoding = 4; lastKnownFileType = sourcecode.c.h; path = aes.h; sourceTree = "<group>"; };
		38E1947E16310A3C007FB105 /* attributes.h */ = {isa = PBXFileReference; fileEncoding = 4; lastKnownFileType = sourcecode.c.h; path = attributes.h; sourceTree = "<group>"; };
		38E1947F16310A3C007FB105 /* audioconvert.h */ = {isa = PBXFileReference; fileEncoding = 4; lastKnownFileType = sourcecode.c.h; path = audioconvert.h; sourceTree = "<group>"; };
		38E1948016310A3C007FB105 /* avassert.h */ = {isa = PBXFileReference; fileEncoding = 4; lastKnownFileType = sourcecode.c.h; path = avassert.h; sourceTree = "<group>"; };
		38E1948116310A3C007FB105 /* avconfig.h */ = {isa = PBXFileReference; fileEncoding = 4; lastKnownFileType = sourcecode.c.h; path = avconfig.h; sourceTree = "<group>"; };
		38E1948216310A3C007FB105 /* avstring.h */ = {isa = PBXFileReference; fileEncoding = 4; lastKnownFileType = sourcecode.c.h; path = avstring.h; sourceTree = "<group>"; };
		38E1948316310A3C007FB105 /* avutil.h */ = {isa = PBXFileReference; fileEncoding = 4; lastKnownFileType = sourcecode.c.h; path = avutil.h; sourceTree = "<group>"; };
		38E1948416310A3C007FB105 /* base64.h */ = {isa = PBXFileReference; fileEncoding = 4; lastKnownFileType = sourcecode.c.h; path = base64.h; sourceTree = "<group>"; };
		38E1948516310A3C007FB105 /* bswap.h */ = {isa = PBXFileReference; fileEncoding = 4; lastKnownFileType = sourcecode.c.h; path = bswap.h; sourceTree = "<group>"; };
		38E1948616310A3C007FB105 /* common.h */ = {isa = PBXFileReference; fileEncoding = 4; lastKnownFileType = sourcecode.c.h; path = common.h; sourceTree = "<group>"; };
		38E1948716310A3C007FB105 /* cpu.h */ = {isa = PBXFileReference; fileEncoding = 4; lastKnownFileType = sourcecode.c.h; path = cpu.h; sourceTree = "<group>"; };
		38E1948816310A3C007FB105 /* crc.h */ = {isa = PBXFileReference; fileEncoding = 4; lastKnownFileType = sourcecode.c.h; path = crc.h; sourceTree = "<group>"; };
		38E1948916310A3C007FB105 /* dict.h */ = {isa = PBXFileReference; fileEncoding = 4; lastKnownFileType = sourcecode.c.h; path = dict.h; sourceTree = "<group>"; };
		38E1948A16310A3C007FB105 /* error.h */ = {isa = PBXFileReference; fileEncoding = 4; lastKnownFileType = sourcecode.c.h; path = error.h; sourceTree = "<group>"; };
		38E1948B16310A3C007FB105 /* eval.h */ = {isa = PBXFileReference; fileEncoding = 4; lastKnownFileType = sourcecode.c.h; path = eval.h; sourceTree = "<group>"; };
		38E1948C16310A3C007FB105 /* fifo.h */ = {isa = PBXFileReference; fileEncoding = 4; lastKnownFileType = sourcecode.c.h; path = fifo.h; sourceTree = "<group>"; };
		38E1948D16310A3C007FB105 /* file.h */ = {isa = PBXFileReference; fileEncoding = 4; lastKnownFileType = sourcecode.c.h; path = file.h; sourceTree = "<group>"; };
		38E1948E16310A3C007FB105 /* imgutils.h */ = {isa = PBXFileReference; fileEncoding = 4; lastKnownFileType = sourcecode.c.h; path = imgutils.h; sourceTree = "<group>"; };
		38E1948F16310A3C007FB105 /* intfloat.h */ = {isa = PBXFileReference; fileEncoding = 4; lastKnownFileType = sourcecode.c.h; path = intfloat.h; sourceTree = "<group>"; };
		38E1949016310A3C007FB105 /* intfloat_readwrite.h */ = {isa = PBXFileReference; fileEncoding = 4; lastKnownFileType = sourcecode.c.h; path = intfloat_readwrite.h; sourceTree = "<group>"; };
		38E1949116310A3C007FB105 /* intreadwrite.h */ = {isa = PBXFileReference; fileEncoding = 4; lastKnownFileType = sourcecode.c.h; path = intreadwrite.h; sourceTree = "<group>"; };
		38E1949216310A3C007FB105 /* lfg.h */ = {isa = PBXFileReference; fileEncoding = 4; lastKnownFileType = sourcecode.c.h; path = lfg.h; sourceTree = "<group>"; };
		38E1949316310A3C007FB105 /* log.h */ = {isa = PBXFileReference; fileEncoding = 4; lastKnownFileType = sourcecode.c.h; path = log.h; sourceTree = "<group>"; };
		38E1949416310A3C007FB105 /* lzo.h */ = {isa = PBXFileReference; fileEncoding = 4; lastKnownFileType = sourcecode.c.h; path = lzo.h; sourceTree = "<group>"; };
		38E1949516310A3C007FB105 /* mathematics.h */ = {isa = PBXFileReference; fileEncoding = 4; lastKnownFileType = sourcecode.c.h; path = mathematics.h; sourceTree = "<group>"; };
		38E1949616310A3C007FB105 /* md5.h */ = {isa = PBXFileReference; fileEncoding = 4; lastKnownFileType = sourcecode.c.h; path = md5.h; sourceTree = "<group>"; };
		38E1949716310A3C007FB105 /* mem.h */ = {isa = PBXFileReference; fileEncoding = 4; lastKnownFileType = sourcecode.c.h; path = mem.h; sourceTree = "<group>"; };
		38E1949816310A3C007FB105 /* opt.h */ = {isa = PBXFileReference; fileEncoding = 4; lastKnownFileType = sourcecode.c.h; path = opt.h; sourceTree = "<group>"; };
		38E1949916310A3C007FB105 /* parseutils.h */ = {isa = PBXFileReference; fileEncoding = 4; lastKnownFileType = sourcecode.c.h; path = parseutils.h; sourceTree = "<group>"; };
		38E1949A16310A3C007FB105 /* pixdesc.h */ = {isa = PBXFileReference; fileEncoding = 4; lastKnownFileType = sourcecode.c.h; path = pixdesc.h; sourceTree = "<group>"; };
		38E1949B16310A3C007FB105 /* pixfmt.h */ = {isa = PBXFileReference; fileEncoding = 4; lastKnownFileType = sourcecode.c.h; path = pixfmt.h; sourceTree = "<group>"; };
		38E1949C16310A3C007FB105 /* random_seed.h */ = {isa = PBXFileReference; fileEncoding = 4; lastKnownFileType = sourcecode.c.h; path = random_seed.h; sourceTree = "<group>"; };
		38E1949D16310A3C007FB105 /* rational.h */ = {isa = PBXFileReference; fileEncoding = 4; lastKnownFileType = sourcecode.c.h; path = rational.h; sourceTree = "<group>"; };
		38E1949E16310A3C007FB105 /* samplefmt.h */ = {isa = PBXFileReference; fileEncoding = 4; lastKnownFileType = sourcecode.c.h; path = samplefmt.h; sourceTree = "<group>"; };
		38E1949F16310A3C007FB105 /* sha.h */ = {isa = PBXFileReference; fileEncoding = 4; lastKnownFileType = sourcecode.c.h; path = sha.h; sourceTree = "<group>"; };
		38E194A116310A3C007FB105 /* postprocess.h */ = {isa = PBXFileReference; fileEncoding = 4; lastKnownFileType = sourcecode.c.h; path = postprocess.h; sourceTree = "<group>"; };
		38E194A316310A3C007FB105 /* swresample.h */ = {isa = PBXFileReference; fileEncoding = 4; lastKnownFileType = sourcecode.c.h; path = swresample.h; sourceTree = "<group>"; };
		38E194A516310A3C007FB105 /* swscale.h */ = {isa = PBXFileReference; fileEncoding = 4; lastKnownFileType = sourcecode.c.h; path = swscale.h; sourceTree = "<group>"; };
		38E194A616310A3C007FB105 /* x264.h */ = {isa = PBXFileReference; fileEncoding = 4; lastKnownFileType = sourcecode.c.h; path = x264.h; sourceTree = "<group>"; };
		38E194A716310A3C007FB105 /* x264_config.h */ = {isa = PBXFileReference; fileEncoding = 4; lastKnownFileType = sourcecode.c.h; path = x264_config.h; sourceTree = "<group>"; };
/* End PBXFileReference section */

/* Begin PBXFrameworksBuildPhase section */
		382B83EF1628140700AC2005 /* Frameworks */ = {
			isa = PBXFrameworksBuildPhase;
			buildActionMask = 2147483647;
			files = (
				382B84251628143C00AC2005 /* QuartzCore.framework in Frameworks */,
				382B842B1628146400AC2005 /* CoreGraphics.framework in Frameworks */,
				382B83F61628140700AC2005 /* Foundation.framework in Frameworks */,
				382B84291628145500AC2005 /* UIKit.framework in Frameworks */,
				382B84271628144400AC2005 /* OpenGLES.framework in Frameworks */,
				382B84221628143600AC2005 /* AudioToolbox.framework in Frameworks */,
				382B84231628143600AC2005 /* AudioUnit.framework in Frameworks */,
				38E194A816310A3C007FB105 /* libavcodec.a in Frameworks */,
				38E194A916310A3C007FB105 /* libavdevice.a in Frameworks */,
				38E194AA16310A3C007FB105 /* libavfilter.a in Frameworks */,
				38E194AB16310A3C007FB105 /* libavformat.a in Frameworks */,
				38E194AC16310A3C007FB105 /* libavutil.a in Frameworks */,
				38E194AD16310A3C007FB105 /* libpostproc.a in Frameworks */,
				38E194AE16310A3C007FB105 /* libswresample.a in Frameworks */,
				38E194AF16310A3C007FB105 /* libswscale.a in Frameworks */,
				38E194B016310A3C007FB105 /* libx264.a in Frameworks */,
			);
			runOnlyForDeploymentPostprocessing = 0;
		};
/* End PBXFrameworksBuildPhase section */

/* Begin PBXGroup section */
		382B83E71628140700AC2005 = {
			isa = PBXGroup;
			children = (
				38E1945916310A3C007FB105 /* libs */,
				38E1946316310A3C007FB105 /* include */,
				382B83F71628140700AC2005 /* H264MediaPlayer */,
				382B83F41628140700AC2005 /* Frameworks */,
				382B83F31628140700AC2005 /* Products */,
			);
			sourceTree = "<group>";
		};
		382B83F31628140700AC2005 /* Products */ = {
			isa = PBXGroup;
			children = (
				382B83F21628140700AC2005 /* libH264MediaPlayer.a */,
			);
			name = Products;
			sourceTree = "<group>";
		};
		382B83F41628140700AC2005 /* Frameworks */ = {
			isa = PBXGroup;
			children = (
				382B842A1628146400AC2005 /* CoreGraphics.framework */,
				382B84281628145500AC2005 /* UIKit.framework */,
				382B84261628144400AC2005 /* OpenGLES.framework */,
				382B84241628143C00AC2005 /* QuartzCore.framework */,
				382B84201628143600AC2005 /* AudioToolbox.framework */,
				382B84211628143600AC2005 /* AudioUnit.framework */,
				382B83F51628140700AC2005 /* Foundation.framework */,
			);
			name = Frameworks;
			sourceTree = "<group>";
		};
		382B83F71628140700AC2005 /* H264MediaPlayer */ = {
			isa = PBXGroup;
			children = (
				38E1945616310569007FB105 /* Errors.h */,
				38E194521631054C007FB105 /* thread.cpp */,
				38E194531631054C007FB105 /* thread.h */,
				380F3EC2162C264E00B8109B /* AudioRecorder.h */,
				380F3EC3162C264E00B8109B /* AudioRecorder.m */,
				380F3EBE162C262000B8109B /* InMemoryAudioFile.h */,
				380F3EBF162C262000B8109B /* InMemoryAudioFile.m */,
				380F3EB5162C24BB00B8109B /* RemoteIOPlayer.h */,
				380F3EB6162C24BB00B8109B /* RemoteIOPlayer.m */,
				380F3EB7162C24BB00B8109B /* PCMPlayer.h */,
				380F3EB8162C24BB00B8109B /* PCMPlayer.m */,
				38E1943916310521007FB105 /* decoder_audio.cpp */,
				38E1943A16310521007FB105 /* decoder_audio.h */,
				38E1943B16310521007FB105 /* decoder_video.cpp */,
				38E1943C16310521007FB105 /* decoder_video.h */,
				38E1943D16310521007FB105 /* decoder.cpp */,
				38E1943E16310521007FB105 /* decoder.h */,
				38E1943F16310521007FB105 /* mediaplayer.h */,
				38E1944016310521007FB105 /* mediaplayer.mm */,
				38E1944116310521007FB105 /* output.h */,
				38E1944216310521007FB105 /* output.mm */,
				38E1944316310521007FB105 /* packetqueue.cpp */,
				38E1944416310521007FB105 /* packetqueue.h */,
				382B83F81628140700AC2005 /* Supporting Files */,
			);
			path = H264MediaPlayer;
			sourceTree = "<group>";
		};
		382B83F81628140700AC2005 /* Supporting Files */ = {
			isa = PBXGroup;
			children = (
				382B83F91628140700AC2005 /* H264MediaPlayer-Prefix.pch */,
			);
			name = "Supporting Files";
			sourceTree = "<group>";
		};
		38E1945916310A3C007FB105 /* libs */ = {
			isa = PBXGroup;
			children = (
				38E1945A16310A3C007FB105 /* libavcodec.a */,
				38E1945B16310A3C007FB105 /* libavdevice.a */,
				38E1945C16310A3C007FB105 /* libavfilter.a */,
				38E1945D16310A3C007FB105 /* libavformat.a */,
				38E1945E16310A3C007FB105 /* libavutil.a */,
				38E1945F16310A3C007FB105 /* libpostproc.a */,
				38E1946016310A3C007FB105 /* libswresample.a */,
				38E1946116310A3C007FB105 /* libswscale.a */,
				38E1946216310A3C007FB105 /* libx264.a */,
			);
			path = libs;
			sourceTree = "<group>";
		};
		38E1946316310A3C007FB105 /* include */ = {
			isa = PBXGroup;
			children = (
				38E1946416310A3C007FB105 /* libavcodec */,
				38E1946E16310A3C007FB105 /* libavdevice */,
				38E1947016310A3C007FB105 /* libavfilter */,
				38E1947716310A3C007FB105 /* libavformat */,
				38E1947B16310A3C007FB105 /* libavutil */,
				38E194A016310A3C007FB105 /* libpostproc */,
				38E194A216310A3C007FB105 /* libswresample */,
				38E194A416310A3C007FB105 /* libswscale */,
				38E194A616310A3C007FB105 /* x264.h */,
				38E194A716310A3C007FB105 /* x264_config.h */,
			);
			path = include;
			sourceTree = "<group>";
		};
		38E1946416310A3C007FB105 /* libavcodec */ = {
			isa = PBXGroup;
			children = (
				38E1946516310A3C007FB105 /* avcodec.h */,
				38E1946616310A3C007FB105 /* avfft.h */,
				38E1946716310A3C007FB105 /* dxva2.h */,
				38E1946816310A3C007FB105 /* opt.h */,
				38E1946916310A3C007FB105 /* vaapi.h */,
				38E1946A16310A3C007FB105 /* vda.h */,
				38E1946B16310A3C007FB105 /* vdpau.h */,
				38E1946C16310A3C007FB105 /* version.h */,
				38E1946D16310A3C007FB105 /* xvmc.h */,
			);
			path = libavcodec;
			sourceTree = "<group>";
		};
		38E1946E16310A3C007FB105 /* libavdevice */ = {
			isa = PBXGroup;
			children = (
				38E1946F16310A3C007FB105 /* avdevice.h */,
			);
			path = libavdevice;
			sourceTree = "<group>";
		};
		38E1947016310A3C007FB105 /* libavfilter */ = {
			isa = PBXGroup;
			children = (
				38E1947116310A3C007FB105 /* avcodec.h */,
				38E1947216310A3C007FB105 /* avfilter.h */,
				38E1947316310A3C007FB105 /* avfiltergraph.h */,
				38E1947416310A3C007FB105 /* buffersink.h */,
				38E1947516310A3C007FB105 /* version.h */,
				38E1947616310A3C007FB105 /* vsrc_buffer.h */,
			);
			path = libavfilter;
			sourceTree = "<group>";
		};
		38E1947716310A3C007FB105 /* libavformat */ = {
			isa = PBXGroup;
			children = (
				38E1947816310A3C007FB105 /* avformat.h */,
				38E1947916310A3C007FB105 /* avio.h */,
				38E1947A16310A3C007FB105 /* version.h */,
			);
			path = libavformat;
			sourceTree = "<group>";
		};
		38E1947B16310A3C007FB105 /* libavutil */ = {
			isa = PBXGroup;
			children = (
				38E1947C16310A3C007FB105 /* adler32.h */,
				38E1947D16310A3C007FB105 /* aes.h */,
				38E1947E16310A3C007FB105 /* attributes.h */,
				38E1947F16310A3C007FB105 /* audioconvert.h */,
				38E1948016310A3C007FB105 /* avassert.h */,
				38E1948116310A3C007FB105 /* avconfig.h */,
				38E1948216310A3C007FB105 /* avstring.h */,
				38E1948316310A3C007FB105 /* avutil.h */,
				38E1948416310A3C007FB105 /* base64.h */,
				38E1948516310A3C007FB105 /* bswap.h */,
				38E1948616310A3C007FB105 /* common.h */,
				38E1948716310A3C007FB105 /* cpu.h */,
				38E1948816310A3C007FB105 /* crc.h */,
				38E1948916310A3C007FB105 /* dict.h */,
				38E1948A16310A3C007FB105 /* error.h */,
				38E1948B16310A3C007FB105 /* eval.h */,
				38E1948C16310A3C007FB105 /* fifo.h */,
				38E1948D16310A3C007FB105 /* file.h */,
				38E1948E16310A3C007FB105 /* imgutils.h */,
				38E1948F16310A3C007FB105 /* intfloat.h */,
				38E1949016310A3C007FB105 /* intfloat_readwrite.h */,
				38E1949116310A3C007FB105 /* intreadwrite.h */,
				38E1949216310A3C007FB105 /* lfg.h */,
				38E1949316310A3C007FB105 /* log.h */,
				38E1949416310A3C007FB105 /* lzo.h */,
				38E1949516310A3C007FB105 /* mathematics.h */,
				38E1949616310A3C007FB105 /* md5.h */,
				38E1949716310A3C007FB105 /* mem.h */,
				38E1949816310A3C007FB105 /* opt.h */,
				38E1949916310A3C007FB105 /* parseutils.h */,
				38E1949A16310A3C007FB105 /* pixdesc.h */,
				38E1949B16310A3C007FB105 /* pixfmt.h */,
				38E1949C16310A3C007FB105 /* random_seed.h */,
				38E1949D16310A3C007FB105 /* rational.h */,
				38E1949E16310A3C007FB105 /* samplefmt.h */,
				38E1949F16310A3C007FB105 /* sha.h */,
			);
			path = libavutil;
			sourceTree = "<group>";
		};
		38E194A016310A3C007FB105 /* libpostproc */ = {
			isa = PBXGroup;
			children = (
				38E194A116310A3C007FB105 /* postprocess.h */,
			);
			path = libpostproc;
			sourceTree = "<group>";
		};
		38E194A216310A3C007FB105 /* libswresample */ = {
			isa = PBXGroup;
			children = (
				38E194A316310A3C007FB105 /* swresample.h */,
			);
			path = libswresample;
			sourceTree = "<group>";
		};
		38E194A416310A3C007FB105 /* libswscale */ = {
			isa = PBXGroup;
			children = (
				38E194A516310A3C007FB105 /* swscale.h */,
			);
			path = libswscale;
			sourceTree = "<group>";
		};
/* End PBXGroup section */

/* Begin PBXHeadersBuildPhase section */
		382B83F01628140700AC2005 /* Headers */ = {
			isa = PBXHeadersBuildPhase;
			buildActionMask = 2147483647;
			files = (
				380F3EB9162C24BB00B8109B /* RemoteIOPlayer.h in Headers */,
				380F3EBB162C24BB00B8109B /* PCMPlayer.h in Headers */,
				380F3EC0162C262000B8109B /* InMemoryAudioFile.h in Headers */,
				380F3EC4162C264E00B8109B /* AudioRecorder.h in Headers */,
				38E1944616310521007FB105 /* decoder_audio.h in Headers */,
				38E1944816310521007FB105 /* decoder_video.h in Headers */,
				38E1944A16310521007FB105 /* decoder.h in Headers */,
				38E1944B16310521007FB105 /* mediaplayer.h in Headers */,
				38E1944D16310521007FB105 /* output.h in Headers */,
				38E1945016310521007FB105 /* packetqueue.h in Headers */,
				38E194551631054C007FB105 /* thread.h in Headers */,
				38E1945716310569007FB105 /* Errors.h in Headers */,
				38E194B116310A3C007FB105 /* avcodec.h in Headers */,
				38E194B216310A3C007FB105 /* avfft.h in Headers */,
				38E194B316310A3C007FB105 /* dxva2.h in Headers */,
				38E194B416310A3C007FB105 /* opt.h in Headers */,
				38E194B516310A3C007FB105 /* vaapi.h in Headers */,
				38E194B616310A3C007FB105 /* vda.h in Headers */,
				38E194B716310A3C007FB105 /* vdpau.h in Headers */,
				38E194B816310A3C007FB105 /* version.h in Headers */,
				38E194B916310A3C007FB105 /* xvmc.h in Headers */,
				38E194BA16310A3C007FB105 /* avdevice.h in Headers */,
				38E194BB16310A3C007FB105 /* avcodec.h in Headers */,
				38E194BC16310A3C007FB105 /* avfilter.h in Headers */,
				38E194BD16310A3C007FB105 /* avfiltergraph.h in Headers */,
				38E194BE16310A3C007FB105 /* buffersink.h in Headers */,
				38E194BF16310A3C007FB105 /* version.h in Headers */,
				38E194C016310A3C007FB105 /* vsrc_buffer.h in Headers */,
				38E194C116310A3C007FB105 /* avformat.h in Headers */,
				38E194C216310A3C007FB105 /* avio.h in Headers */,
				38E194C316310A3C007FB105 /* version.h in Headers */,
				38E194C416310A3C007FB105 /* adler32.h in Headers */,
				38E194C516310A3C007FB105 /* aes.h in Headers */,
				38E194C616310A3C007FB105 /* attributes.h in Headers */,
				38E194C716310A3C007FB105 /* audioconvert.h in Headers */,
				38E194C816310A3C007FB105 /* avassert.h in Headers */,
				38E194C916310A3C007FB105 /* avconfig.h in Headers */,
				38E194CA16310A3C007FB105 /* avstring.h in Headers */,
				38E194CB16310A3C007FB105 /* avutil.h in Headers */,
				38E194CC16310A3C007FB105 /* base64.h in Headers */,
				38E194CD16310A3C007FB105 /* bswap.h in Headers */,
				38E194CE16310A3C007FB105 /* common.h in Headers */,
				38E194CF16310A3C007FB105 /* cpu.h in Headers */,
				38E194D016310A3C007FB105 /* crc.h in Headers */,
				38E194D116310A3C007FB105 /* dict.h in Headers */,
				38E194D216310A3C007FB105 /* error.h in Headers */,
				38E194D316310A3C007FB105 /* eval.h in Headers */,
				38E194D416310A3C007FB105 /* fifo.h in Headers */,
				38E194D516310A3C007FB105 /* file.h in Headers */,
				38E194D616310A3C007FB105 /* imgutils.h in Headers */,
				38E194D716310A3C007FB105 /* intfloat.h in Headers */,
				38E194D816310A3C007FB105 /* intfloat_readwrite.h in Headers */,
				38E194D916310A3C007FB105 /* intreadwrite.h in Headers */,
				38E194DA16310A3C007FB105 /* lfg.h in Headers */,
				38E194DB16310A3C007FB105 /* log.h in Headers */,
				38E194DC16310A3C007FB105 /* lzo.h in Headers */,
				38E194DD16310A3C007FB105 /* mathematics.h in Headers */,
				38E194DE16310A3C007FB105 /* md5.h in Headers */,
				38E194DF16310A3C007FB105 /* mem.h in Headers */,
				38E194E016310A3C007FB105 /* opt.h in Headers */,
				38E194E116310A3C007FB105 /* parseutils.h in Headers */,
				38E194E216310A3C007FB105 /* pixdesc.h in Headers */,
				38E194E316310A3C007FB105 /* pixfmt.h in Headers */,
				38E194E416310A3C007FB105 /* random_seed.h in Headers */,
				38E194E516310A3C007FB105 /* rational.h in Headers */,
				38E194E616310A3C007FB105 /* samplefmt.h in Headers */,
				38E194E716310A3C007FB105 /* sha.h in Headers */,
				38E194E816310A3C007FB105 /* postprocess.h in Headers */,
				38E194E916310A3C007FB105 /* swresample.h in Headers */,
				38E194EA16310A3C007FB105 /* swscale.h in Headers */,
				38E194EB16310A3C007FB105 /* x264.h in Headers */,
				38E194EC16310A3C007FB105 /* x264_config.h in Headers */,
			);
			runOnlyForDeploymentPostprocessing = 0;
		};
/* End PBXHeadersBuildPhase section */

/* Begin PBXNativeTarget section */
		382B83F11628140700AC2005 /* H264MediaPlayer */ = {
			isa = PBXNativeTarget;
			buildConfigurationList = 382B83FF1628140700AC2005 /* Build configuration list for PBXNativeTarget "H264MediaPlayer" */;
			buildPhases = (
				382B83EE1628140700AC2005 /* Sources */,
				382B83EF1628140700AC2005 /* Frameworks */,
				382B83F01628140700AC2005 /* Headers */,
			);
			buildRules = (
			);
			dependencies = (
			);
			name = H264MediaPlayer;
			productName = H264MediaPlayer;
			productReference = 382B83F21628140700AC2005 /* libH264MediaPlayer.a */;
			productType = "com.apple.product-type.library.static";
		};
/* End PBXNativeTarget section */

/* Begin PBXProject section */
		382B83E91628140700AC2005 /* Project object */ = {
			isa = PBXProject;
			attributes = {
				LastUpgradeCheck = 0430;
			};
			buildConfigurationList = 382B83EC1628140700AC2005 /* Build configuration list for PBXProject "H264MediaPlayer" */;
			compatibilityVersion = "Xcode 3.2";
			developmentRegion = English;
			hasScannedForEncodings = 0;
			knownRegions = (
				en,
			);
			mainGroup = 382B83E71628140700AC2005;
			productRefGroup = 382B83F31628140700AC2005 /* Products */;
			projectDirPath = "";
			projectRoot = "";
			targets = (
				382B83F11628140700AC2005 /* H264MediaPlayer */,
			);
		};
/* End PBXProject section */

/* Begin PBXSourcesBuildPhase section */
		382B83EE1628140700AC2005 /* Sources */ = {
			isa = PBXSourcesBuildPhase;
			buildActionMask = 2147483647;
			files = (
				380F3EBA162C24BB00B8109B /* RemoteIOPlayer.m in Sources */,
				380F3EBC162C24BB00B8109B /* PCMPlayer.m in Sources */,
				380F3EC1162C262000B8109B /* InMemoryAudioFile.m in Sources */,
				380F3EC5162C264E00B8109B /* AudioRecorder.m in Sources */,
				38E1944516310521007FB105 /* decoder_audio.cpp in Sources */,
				38E1944716310521007FB105 /* decoder_video.cpp in Sources */,
				38E1944916310521007FB105 /* decoder.cpp in Sources */,
				38E1944C16310521007FB105 /* mediaplayer.mm in Sources */,
				38E1944E16310521007FB105 /* output.mm in Sources */,
				38E1944F16310521007FB105 /* packetqueue.cpp in Sources */,
				38E194541631054C007FB105 /* thread.cpp in Sources */,
			);
			runOnlyForDeploymentPostprocessing = 0;
		};
/* End PBXSourcesBuildPhase section */

/* Begin XCBuildConfiguration section */
		382B83FD1628140700AC2005 /* Debug */ = {
			isa = XCBuildConfiguration;
			buildSettings = {
				ALWAYS_SEARCH_USER_PATHS = NO;
				ARCHS = "$(ARCHS_STANDARD_32_BIT)";
				COPY_PHASE_STRIP = NO;
				GCC_C_LANGUAGE_STANDARD = gnu99;
				GCC_DYNAMIC_NO_PIC = NO;
				GCC_OPTIMIZATION_LEVEL = 0;
				GCC_PREPROCESSOR_DEFINITIONS = (
					"DEBUG=1",
					"$(inherited)",
				);
				GCC_SYMBOLS_PRIVATE_EXTERN = NO;
				GCC_VERSION = com.apple.compilers.llvm.clang.1_0;
				GCC_WARN_ABOUT_RETURN_TYPE = YES;
				GCC_WARN_UNINITIALIZED_AUTOS = YES;
				GCC_WARN_UNUSED_VARIABLE = YES;
				IPHONEOS_DEPLOYMENT_TARGET = 5.1;
				SDKROOT = iphoneos;
			};
			name = Debug;
		};
		382B83FE1628140700AC2005 /* Release */ = {
			isa = XCBuildConfiguration;
			buildSettings = {
				ALWAYS_SEARCH_USER_PATHS = NO;
				ARCHS = "$(ARCHS_STANDARD_32_BIT)";
				COPY_PHASE_STRIP = YES;
				GCC_C_LANGUAGE_STANDARD = gnu99;
				GCC_VERSION = com.apple.compilers.llvm.clang.1_0;
				GCC_WARN_ABOUT_RETURN_TYPE = YES;
				GCC_WARN_UNINITIALIZED_AUTOS = YES;
				GCC_WARN_UNUSED_VARIABLE = YES;
				IPHONEOS_DEPLOYMENT_TARGET = 5.1;
				SDKROOT = iphoneos;
				VALIDATE_PRODUCT = YES;
			};
			name = Release;
		};
		382B84001628140700AC2005 /* Debug */ = {
			isa = XCBuildConfiguration;
			buildSettings = {
				ARCHS = armv7;
				DSTROOT = /tmp/H264MediaPlayer.dst;
				GCC_PRECOMPILE_PREFIX_HEADER = YES;
				GCC_PREFIX_HEADER = "H264MediaPlayer/H264MediaPlayer-Prefix.pch";
				HEADER_SEARCH_PATHS = "\"$(SRCROOT)/include\"";
				INSTALL_PATH = "/Users/nxcomm/iOS Applications/lib";
				LIBRARY_SEARCH_PATHS = (
					"$(inherited)",
					"\"$(SRCROOT)/libs\"",
				);
				OTHER_LDFLAGS = "-ObjC";
				PRODUCT_NAME = "$(TARGET_NAME)";
				SKIP_INSTALL = NO;
				USER_HEADER_SEARCH_PATHS = "";
			};
			name = Debug;
		};
		382B84011628140700AC2005 /* Release */ = {
			isa = XCBuildConfiguration;
			buildSettings = {
				ARCHS = armv7;
				DSTROOT = /tmp/H264MediaPlayer.dst;
				GCC_PRECOMPILE_PREFIX_HEADER = YES;
				GCC_PREFIX_HEADER = "H264MediaPlayer/H264MediaPlayer-Prefix.pch";
				HEADER_SEARCH_PATHS = "\"$(SRCROOT)/include\"";
				INSTALL_PATH = "/Users/nxcomm/iOS Applications/lib";
				LIBRARY_SEARCH_PATHS = (
					"$(inherited)",
					"\"$(SRCROOT)/libs\"",
				);
				OTHER_LDFLAGS = "-ObjC";
				PRODUCT_NAME = "$(TARGET_NAME)";
				SKIP_INSTALL = NO;
				USER_HEADER_SEARCH_PATHS = "";
			};
			name = Release;
		};
/* End XCBuildConfiguration section */

/* Begin XCConfigurationList section */
		382B83EC1628140700AC2005 /* Build configuration list for PBXProject "H264MediaPlayer" */ = {
			isa = XCConfigurationList;
			buildConfigurations = (
				382B83FD1628140700AC2005 /* Debug */,
				382B83FE1628140700AC2005 /* Release */,
			);
			defaultConfigurationIsVisible = 0;
			defaultConfigurationName = Release;
		};
		382B83FF1628140700AC2005 /* Build configuration list for PBXNativeTarget "H264MediaPlayer" */ = {
			isa = XCConfigurationList;
			buildConfigurations = (
				382B84001628140700AC2005 /* Debug */,
				382B84011628140700AC2005 /* Release */,
			);
			defaultConfigurationIsVisible = 0;
			defaultConfigurationName = Release;
		};
/* End XCConfigurationList section */
	};
	rootObject = 382B83E91628140700AC2005 /* Project object */;
}
